
Microsoft Visual Studio Solution File, Format Version 12.00
# Visual Studio Version 16
VisualStudioVersion = 16.0.30503.244
MinimumVisualStudioVersion = 10.0.40219.1
Project("{FAE04EC0-301F-11D3-BF4B-00C04F79EFBC}") = "RPS_Game1", "RPS_Game1.csproj", "{378D0B6A-5D64-472E-800E-64B7CFE01A5F}"
EndProject
Global
	GlobalSection(SolutionConfigurationPlatforms) = preSolution
		Debug|Any CPU = Debug|Any CPU
		Release|Any CPU = Release|Any CPU
	EndGlobalSection
	GlobalSection(ProjectConfigurationPlatforms) = postSolution
		{378D0B6A-5D64-472E-800E-64B7CFE01A5F}.Debug|Any CPU.ActiveCfg = Debug|Any CPU
		{378D0B6A-5D64-472E-800E-64B7CFE01A5F}.Debug|Any CPU.Build.0 = Debug|Any CPU
		{378D0B6A-5D64-472E-800E-64B7CFE01A5F}.Release|Any CPU.ActiveCfg = Release|Any CPU
		{378D0B6A-5D64-472E-800E-64B7CFE01A5F}.Release|Any CPU.Build.0 = Release|Any CPU
	EndGlobalSection
	GlobalSection(SolutionProperties) = preSolution
		HideSolutionNode = FALSE
	EndGlobalSection
	GlobalSection(ExtensibilityGlobals) = postSolution
		SolutionGuid = {14D196D8-0B61-456D-8080-7766669B2F05}
	EndGlobalSection
EndGlobal
