
Microsoft Visual Studio Solution File, Format Version 12.00
# Visual Studio Version 16
VisualStudioVersion = 16.0.30503.244
MinimumVisualStudioVersion = 10.0.40219.1
Project("{9A19103F-16F7-4668-BE54-9A1E7A4F7556}") = "RPS_Game1", "RPS_Game1\RPS_Game1.csproj", "{74307E42-F8D4-4C47-B2D6-F6B207A315F0}"
EndProject
Project("{FAE04EC0-301F-11D3-BF4B-00C04F79EFBC}") = "RPS_Games1.Tests", "..\RPS_Games1.Tests\RPS_Games1.Tests.csproj", "{65CBED14-3383-4740-9D41-F5CB88437025}"
EndProject
Global
	GlobalSection(SolutionConfigurationPlatforms) = preSolution
		Debug|Any CPU = Debug|Any CPU
		Release|Any CPU = Release|Any CPU
	EndGlobalSection
	GlobalSection(ProjectConfigurationPlatforms) = postSolution
		{74307E42-F8D4-4C47-B2D6-F6B207A315F0}.Debug|Any CPU.ActiveCfg = Debug|Any CPU
		{74307E42-F8D4-4C47-B2D6-F6B207A315F0}.Debug|Any CPU.Build.0 = Debug|Any CPU
		{74307E42-F8D4-4C47-B2D6-F6B207A315F0}.Release|Any CPU.ActiveCfg = Release|Any CPU
		{74307E42-F8D4-4C47-B2D6-F6B207A315F0}.Release|Any CPU.Build.0 = Release|Any CPU
		{65CBED14-3383-4740-9D41-F5CB88437025}.Debug|Any CPU.ActiveCfg = Debug|Any CPU
		{65CBED14-3383-4740-9D41-F5CB88437025}.Debug|Any CPU.Build.0 = Debug|Any CPU
		{65CBED14-3383-4740-9D41-F5CB88437025}.Release|Any CPU.ActiveCfg = Release|Any CPU
		{65CBED14-3383-4740-9D41-F5CB88437025}.Release|Any CPU.Build.0 = Release|Any CPU
	EndGlobalSection
	GlobalSection(SolutionProperties) = preSolution
		HideSolutionNode = FALSE
	EndGlobalSection
	GlobalSection(ExtensibilityGlobals) = postSolution
		SolutionGuid = {14D196D8-0B61-456D-8080-7766669B2F05}
	EndGlobalSection
EndGlobal
